{"1.2.0",
[{<<"accept">>,{pkg,<<"accept">>,<<"0.3.7">>},2},
 {<<"cowboy">>,{pkg,<<"cowboy">>,<<"2.12.0">>},0},
 {<<"cowlib">>,{pkg,<<"cowlib">>,<<"2.13.0">>},1},
 {<<"erlang_psq">>,
  {git,"https://github.com/seriyps/psq",
       {ref,"46329ccb60f27d7d4c3f3643441ccef6c5f9c89c"}},
  1},
 {<<"jsx">>,{pkg,<<"jsx">>,<<"3.1.0">>},0},
 {<<"mtproto_proxy">>,
  {git,"git@github.com:seriyps/mtproto_proxy.git",
       {ref,"154a8fb8e6ef85460f502d4b74434a22a5836937"}},
  0},
 {<<"prometheus">>,{pkg,<<"prometheus">>,<<"4.12.0">>},0},
 {<<"prometheus_cowboy">>,{pkg,<<"prometheus_cowboy">>,<<"0.1.9">>},0},
 {<<"prometheus_httpd">>,{pkg,<<"prometheus_httpd">>,<<"2.1.15">>},1},
 {<<"quantile_estimator">>,{pkg,<<"quantile_estimator">>,<<"1.0.1">>},1},
 {<<"ranch">>,{pkg,<<"ranch">>,<<"2.2.0">>},0},
 {<<"redbug">>,{pkg,<<"redbug">>,<<"2.1.0">>},0}]}.
[
{pkg_hash,[
 {<<"accept">>, <<"CD6E34A2D7E28CA38B2D3CB233734CA0C221EFBC1F171F91FEC5F162CC2D18DA">>},
 {<<"cowboy">>, <<"F276D521A1FF88B2B9B4C54D0E753DA6C66DD7BE6C9FCA3D9418B561828A3731">>},
 {<<"cowlib">>, <<"DB8F7505D8332D98EF50A3EF34B34C1AFDDEC7506E4EE4DD4A3A266285D282CA">>},
 {<<"jsx">>, <<"D12516BAA0BB23A59BB35DCCAF02A1BD08243FCBB9EFE24F2D9D056CCFF71268">>},
 {<<"prometheus">>, <<"5CCA20A8935A8DFE21AE43AD133CE356DC45812D6464A46E991C5922E4119197">>},
 {<<"prometheus_cowboy">>, <<"D9D5B300516A61ED5AE31391F8EEEEB202230081D32A1813F2D78772B6F274E1">>},
 {<<"prometheus_httpd">>, <<"8F767D819A5D36275EAB9264AFF40D87279151646776069BF69FBDBBD562BD75">>},
 {<<"quantile_estimator">>, <<"6CED14FBACCF5BC4C9F79EB28468A1D2BABD4B53EC978AD458CBD17B556C6C22">>},
 {<<"ranch">>, <<"25528F82BC8D7C6152C57666CA99EC716510FE0925CB188172F41CE93117B1B0">>},
 {<<"redbug">>, <<"30477A303BF6A62EF02D7C7AC53A6325104DBB7E791D52FE9E7F8B92488B07EF">>}]},
{pkg_hash_ext,[
 {<<"accept">>, <<"CA69388943F5DAD2E7232A5478F16086E3C872F48E32B88B378E1885A59F5649">>},
 {<<"cowboy">>, <<"8A7ABE6D183372CEB21CAA2709BEC928AB2B72E18A3911AA1771639BEF82651E">>},
 {<<"cowlib">>, <<"E1E1284DC3FC030A64B1AD0D8382AE7E99DA46C3246B815318A4B848873800A4">>},
 {<<"jsx">>, <<"0C5CC8FDC11B53CC25CF65AC6705AD39E54ECC56D1C22E4ADB8F5A53FB9427F3">>},
 {<<"prometheus">>, <<"352E6C32CEB0C2A2407CC5756ABF2AEAEC36D1E976AC7608423C8B61FAB5707D">>},
 {<<"prometheus_cowboy">>, <<"5F71C039DEB9E9FF9DD6366BC74C907A463872B85286E619EFF0BDA15111695A">>},
 {<<"prometheus_httpd">>, <<"67736D000745184D5013C58A63E947821AB90CB9320BC2E6AE5D3061C6FFE039">>},
 {<<"quantile_estimator">>, <<"401C4ADACE179F1A709CD269207324535B00888C87F980B0F794F79DEB3767D8">>},
 {<<"ranch">>, <<"FA0B99A1780C80218A4197A59EA8D3BDAE32FBFF7E88527D7D8A4787EFF4F8E7">>},
 {<<"redbug">>, <<"55D6D59697481CA4CC5AD54749AA6D78299AA8A8096027E7AE1F59DB9DC94C78">>}]}
].
